
Microsoft Visual Studio Solution File, Format Version 12.00
# Visual Studio 2015
Project("{FAE04EC0-301F-11D3-BF4B-00C04F79EFBC}") = "GNP", "GNP.csproj", "{FA98CE56-7D18-F562-D779-15FAF87A40F3}"
EndProject
Project("{FAE04EC0-301F-11D3-BF4B-00C04F79EFBC}") = "GNP.Editor", "GNP.Editor.csproj", "{76F2D4D2-A1C6-D331-86ED-A6B6E83E2045}"
EndProject
Global
	GlobalSection(SolutionConfigurationPlatforms) = preSolution
		Debug|Any CPU = Debug|Any CPU
		Release|Any CPU = Release|Any CPU
	EndGlobalSection
	GlobalSection(ProjectConfigurationPlatforms) = postSolution
		{FA98CE56-7D18-F562-D779-15FAF87A40F3}.Debug|Any CPU.ActiveCfg = Debug|Any CPU
		{FA98CE56-7D18-F562-D779-15FAF87A40F3}.Debug|Any CPU.Build.0 = Debug|Any CPU
		{FA98CE56-7D18-F562-D779-15FAF87A40F3}.Release|Any CPU.ActiveCfg = Release|Any CPU
		{FA98CE56-7D18-F562-D779-15FAF87A40F3}.Release|Any CPU.Build.0 = Release|Any CPU
		{76F2D4D2-A1C6-D331-86ED-A6B6E83E2045}.Debug|Any CPU.ActiveCfg = Debug|Any CPU
		{76F2D4D2-A1C6-D331-86ED-A6B6E83E2045}.Debug|Any CPU.Build.0 = Debug|Any CPU
		{76F2D4D2-A1C6-D331-86ED-A6B6E83E2045}.Release|Any CPU.ActiveCfg = Release|Any CPU
		{76F2D4D2-A1C6-D331-86ED-A6B6E83E2045}.Release|Any CPU.Build.0 = Release|Any CPU
	EndGlobalSection
	GlobalSection(SolutionProperties) = preSolution
		HideSolutionNode = FALSE
	EndGlobalSection
EndGlobal
